
Microsoft Visual Studio Solution File, Format Version 12.00
# Visual Studio 15
VisualStudioVersion = 15.0.27703.2035
MinimumVisualStudioVersion = 10.0.40219.1
Project("{FAE04EC0-301F-11D3-BF4B-00C04F79EFBC}") = "Log4netBeginner", "Log4netBeginner\Log4netBeginner.csproj", "{8FD3CBF3-B9BF-4838-A703-B63CC3051A7D}"
EndProject
Global
	GlobalSection(SolutionConfigurationPlatforms) = preSolution
		Debug|Any CPU = Debug|Any CPU
		Release|Any CPU = Release|Any CPU
	EndGlobalSection
	GlobalSection(ProjectConfigurationPlatforms) = postSolution
		{8FD3CBF3-B9BF-4838-A703-B63CC3051A7D}.Debug|Any CPU.ActiveCfg = Debug|Any CPU
		{8FD3CBF3-B9BF-4838-A703-B63CC3051A7D}.Debug|Any CPU.Build.0 = Debug|Any CPU
		{8FD3CBF3-B9BF-4838-A703-B63CC3051A7D}.Release|Any CPU.ActiveCfg = Release|Any CPU
		{8FD3CBF3-B9BF-4838-A703-B63CC3051A7D}.Release|Any CPU.Build.0 = Release|Any CPU
	EndGlobalSection
	GlobalSection(SolutionProperties) = preSolution
		HideSolutionNode = FALSE
	EndGlobalSection
	GlobalSection(ExtensibilityGlobals) = postSolution
		SolutionGuid = {EFE91D7D-AAB2-4C8F-B3AF-AA3D47BB0ADD}
	EndGlobalSection
EndGlobal
